
Microsoft Visual Studio Solution File, Format Version 12.00
# Visual Studio Version 17
VisualStudioVersion = 17.2.32602.215
MinimumVisualStudioVersion = 10.0.40219.1
Project("{FAE04EC0-301F-11D3-BF4B-00C04F79EFBC}") = "PanelaTI.AbstractFactory", "PanelaTI.AbstractFactory.csproj", "{FB9A8E28-5B99-40EA-993A-1928F75C9472}"
EndProject
Global
	GlobalSection(SolutionConfigurationPlatforms) = preSolution
		Debug|Any CPU = Debug|Any CPU
		Release|Any CPU = Release|Any CPU
	EndGlobalSection
	GlobalSection(ProjectConfigurationPlatforms) = postSolution
		{FB9A8E28-5B99-40EA-993A-1928F75C9472}.Debug|Any CPU.ActiveCfg = Debug|Any CPU
		{FB9A8E28-5B99-40EA-993A-1928F75C9472}.Debug|Any CPU.Build.0 = Debug|Any CPU
		{FB9A8E28-5B99-40EA-993A-1928F75C9472}.Release|Any CPU.ActiveCfg = Release|Any CPU
		{FB9A8E28-5B99-40EA-993A-1928F75C9472}.Release|Any CPU.Build.0 = Release|Any CPU
	EndGlobalSection
	GlobalSection(SolutionProperties) = preSolution
		HideSolutionNode = FALSE
	EndGlobalSection
	GlobalSection(ExtensibilityGlobals) = postSolution
		SolutionGuid = {140C8935-F906-4CA5-8D7B-F544D0EDACED}
	EndGlobalSection
EndGlobal
